
Microsoft Visual Studio Solution File, Format Version 12.00
# Visual Studio 15
VisualStudioVersion = 15.0.27428.2005
MinimumVisualStudioVersion = 10.0.40219.1
Project("{FAE04EC0-301F-11D3-BF4B-00C04F79EFBC}") = "TextEditor", "TextEditor\TextEditor.csproj", "{BBB09C0A-6E86-4EE7-AF1D-35EA7630346F}"
EndProject
Global
	GlobalSection(SolutionConfigurationPlatforms) = preSolution
		Debug|Any CPU = Debug|Any CPU
		Release|Any CPU = Release|Any CPU
	EndGlobalSection
	GlobalSection(ProjectConfigurationPlatforms) = postSolution
		{BBB09C0A-6E86-4EE7-AF1D-35EA7630346F}.Debug|Any CPU.ActiveCfg = Debug|Any CPU
		{BBB09C0A-6E86-4EE7-AF1D-35EA7630346F}.Debug|Any CPU.Build.0 = Debug|Any CPU
		{BBB09C0A-6E86-4EE7-AF1D-35EA7630346F}.Release|Any CPU.ActiveCfg = Release|Any CPU
		{BBB09C0A-6E86-4EE7-AF1D-35EA7630346F}.Release|Any CPU.Build.0 = Release|Any CPU
	EndGlobalSection
	GlobalSection(SolutionProperties) = preSolution
		HideSolutionNode = FALSE
	EndGlobalSection
	GlobalSection(ExtensibilityGlobals) = postSolution
		SolutionGuid = {F3C4DB53-4C2B-427C-9BDC-119A87D4C6C8}
	EndGlobalSection
EndGlobal
